
Microsoft Visual Studio Solution File, Format Version 12.00
# Visual Studio Version 16
VisualStudioVersion = 16.0.33214.272
MinimumVisualStudioVersion = 10.0.40219.1
Project("{FAE04EC0-301F-11D3-BF4B-00C04F79EFBC}") = "MovieCatalogue_Alpha", "MovieCatalogue_Alpha.csproj", "{4817F8EE-4B19-41AF-BD82-5C212F0CBADB}"
EndProject
Global
	GlobalSection(SolutionConfigurationPlatforms) = preSolution
		Debug|Any CPU = Debug|Any CPU
		Release|Any CPU = Release|Any CPU
	EndGlobalSection
	GlobalSection(ProjectConfigurationPlatforms) = postSolution
		{4817F8EE-4B19-41AF-BD82-5C212F0CBADB}.Debug|Any CPU.ActiveCfg = Debug|Any CPU
		{4817F8EE-4B19-41AF-BD82-5C212F0CBADB}.Debug|Any CPU.Build.0 = Debug|Any CPU
		{4817F8EE-4B19-41AF-BD82-5C212F0CBADB}.Release|Any CPU.ActiveCfg = Release|Any CPU
		{4817F8EE-4B19-41AF-BD82-5C212F0CBADB}.Release|Any CPU.Build.0 = Release|Any CPU
	EndGlobalSection
	GlobalSection(SolutionProperties) = preSolution
		HideSolutionNode = FALSE
	EndGlobalSection
	GlobalSection(ExtensibilityGlobals) = postSolution
		SolutionGuid = {9F057385-0855-41B7-8932-8E5B6F82AE85}
	EndGlobalSection
EndGlobal
